{
  "nodes": {
    "clangd_extensions-nvim": {
      "flake": false,
      "locked": {
        "lastModified": 1684819477,
        "narHash": "sha256-m9MVzx5tyV1Gpya7+k9gdKeH0po1eQnZ0UzD87C/I+c=",
        "owner": "~p00f",
        "repo": "clangd_extensions.nvim",
        "rev": "6d0bf36870d15c0c2284f4b6693a66552a6bf127",
        "type": "sourcehut"
      },
      "original": {
        "owner": "~p00f",
        "repo": "clangd_extensions.nvim",
        "type": "sourcehut"
      }
    },
    "cmp-nvim-lsp": {
      "flake": false,
      "locked": {
        "lastModified": 1687494203,
        "narHash": "sha256-mU0soCz79erJXMMqD/FyrJZ0mu2n6fE0deymPzQlxts=",
        "owner": "hrsh7th",
        "repo": "cmp-nvim-lsp",
        "rev": "44b16d11215dce86f253ce0c30949813c0a90765",
        "type": "github"
      },
      "original": {
        "owner": "hrsh7th",
        "repo": "cmp-nvim-lsp",
        "type": "github"
      }
    },
    "cmp_luasnip": {
      "flake": false,
      "locked": {
        "lastModified": 1666943769,
        "narHash": "sha256-Z5SPy3j2oHFxJ7bK8DP8Q/oRyLEMlnWyIfDaQcNVIS0=",
        "owner": "saadparwaiz1",
        "repo": "cmp_luasnip",
        "rev": "18095520391186d634a0045dacaa346291096566",
        "type": "github"
      },
      "original": {
        "owner": "saadparwaiz1",
        "repo": "cmp_luasnip",
        "type": "github"
      }
    },
    "comment-nvim": {
      "flake": false,
      "locked": {
        "lastModified": 1686546603,
        "narHash": "sha256-XM9yhp+SGxfAOdN/eDunzM0TMoCJhVth3wpFKNCGf3g=",
        "owner": "numToStr",
        "repo": "Comment.nvim",
        "rev": "176e85eeb63f1a5970d6b88f1725039d85ca0055",
        "type": "github"
      },
      "original": {
        "owner": "numToStr",
        "repo": "Comment.nvim",
        "type": "github"
      }
    },
    "dressing-nvim": {
      "flake": false,
      "locked": {
        "lastModified": 1689636244,
        "narHash": "sha256-Z4KARj3GBfIMjRspyni3lhREhjP6MHoM2FH27FdiRqY=",
        "owner": "stevearc",
        "repo": "dressing.nvim",
        "rev": "39611852fd7bbac117e939a26759bb37361f0c90",
        "type": "github"
      },
      "original": {
        "owner": "stevearc",
        "repo": "dressing.nvim",
        "type": "github"
      }
    },
    "firenvim": {
      "flake": false,
      "locked": {
        "lastModified": 1687330005,
        "narHash": "sha256-91KSM4rfUZZjsVs2rUPNvpSTb+GKKbziHYlRKBkfzqQ=",
        "owner": "glacambre",
        "repo": "firenvim",
        "rev": "3c4babfa0a561d1dc3640a902e67ca0b8af70927",
        "type": "github"
      },
      "original": {
        "owner": "glacambre",
        "repo": "firenvim",
        "type": "github"
      }
    },
    "flatten-nvim": {
      "flake": false,
      "locked": {
        "lastModified": 1690080100,
        "narHash": "sha256-1lQ/ud6Ul1V7Cv6iLmNigOcSBmWak1YrpdpZ86tybyQ=",
        "owner": "willothy",
        "repo": "flatten.nvim",
        "rev": "c271eb8972a934870f2c3b5832bf72e970bdc199",
        "type": "github"
      },
      "original": {
        "owner": "willothy",
        "repo": "flatten.nvim",
        "type": "github"
      }
    },
    "haskell-tools-nvim": {
      "flake": false,
      "locked": {
        "lastModified": 1689625465,
        "narHash": "sha256-JTUmIMQWkMwqwSRnTzhNlJUkyUOVQBK9iNx5PCyMBBA=",
        "owner": "mrcjkb",
        "repo": "haskell-tools.nvim",
        "rev": "43ec3b2f068c8163476dbb0c35bcb8ad7d588fa4",
        "type": "github"
      },
      "original": {
        "owner": "mrcjkb",
        "ref": "1.x.x",
        "repo": "haskell-tools.nvim",
        "type": "github"
      }
    },
    "impatient-nvim": {
      "flake": false,
      "locked": {
        "lastModified": 1683276465,
        "narHash": "sha256-qDmoUwK4k+lg4Z6JEvjfaF1utKa6PwVkBFM/HSkxH+o=",
        "owner": "lewis6991",
        "repo": "impatient.nvim",
        "rev": "47302af74be7b79f002773011f0d8e85679a7618",
        "type": "github"
      },
      "original": {
        "owner": "lewis6991",
        "repo": "impatient.nvim",
        "type": "github"
      }
    },
    "iron-nvim": {
      "flake": false,
      "locked": {
        "lastModified": 1689276899,
        "narHash": "sha256-dPPMh/8lpJKj6V9jFZaKKVc59IjVwcu/rX83M6fXx3k=",
        "owner": "Vigemus",
        "repo": "iron.nvim",
        "rev": "7f876ee3e1f4ea1e5284b1b697cdad5b256e8046",
        "type": "github"
      },
      "original": {
        "owner": "Vigemus",
        "repo": "iron.nvim",
        "type": "github"
      }
    },
    "lualine-lsp-progress": {
      "flake": false,
      "locked": {
        "lastModified": 1634947677,
        "narHash": "sha256-8HMtydFDzTxsuKvce+bIra9vZ9zHfEBHyR346W635b8=",
        "owner": "arkav",
        "repo": "lualine-lsp-progress",
        "rev": "56842d097245a08d77912edf5f2a69ba29f275d7",
        "type": "github"
      },
      "original": {
        "owner": "arkav",
        "repo": "lualine-lsp-progress",
        "type": "github"
      }
    },
    "lualine-nvim": {
      "flake": false,
      "locked": {
        "lastModified": 1683213422,
        "narHash": "sha256-ltHE8UIquGo07BSlFGM1l3wmTNN43i8kx6QY7Fj2CNo=",
        "owner": "nvim-lualine",
        "repo": "lualine.nvim",
        "rev": "05d78e9fd0cdfb4545974a5aa14b1be95a86e9c9",
        "type": "github"
      },
      "original": {
        "owner": "nvim-lualine",
        "repo": "lualine.nvim",
        "type": "github"
      }
    },
    "luasnip": {
      "flake": false,
      "locked": {
        "lastModified": 1689694230,
        "narHash": "sha256-bgQMU9hjqymzoIg+Ov+Ks18WrJPhwMIVCL3nDQkIdkM=",
        "owner": "L3MON4D3",
        "repo": "LuaSnip",
        "rev": "0b4950a237ce441a6a3a947d501622453f6860ea",
        "type": "github"
      },
      "original": {
        "owner": "L3MON4D3",
        "repo": "LuaSnip",
        "type": "github"
      }
    },
    "nightfox-nvim": {
      "flake": false,
      "locked": {
        "lastModified": 1683901998,
        "narHash": "sha256-q77dkSLzSTf+GxPKzbPFQcnX1oEnLV8asOO73d9W3qQ=",
        "owner": "EdenEast",
        "repo": "nightfox.nvim",
        "rev": "77aa7458d2b725c2d9ff55a18befe1b891ac473e",
        "type": "github"
      },
      "original": {
        "owner": "EdenEast",
        "repo": "nightfox.nvim",
        "type": "github"
      }
    },
    "noice-nvim": {
      "flake": false,
      "locked": {
        "lastModified": 1690010896,
        "narHash": "sha256-n1u57c95pI3NXEaDjtFJPDiRSb3hSO9a4s4ZpeUp9kM=",
        "owner": "folke",
        "repo": "noice.nvim",
        "rev": "c7969e3c25530087b3a52128030163280a7cf679",
        "type": "github"
      },
      "original": {
        "owner": "folke",
        "repo": "noice.nvim",
        "type": "github"
      }
    },
    "nui-nvim": {
      "flake": false,
      "locked": {
        "lastModified": 1689828309,
        "narHash": "sha256-nSUs9zAX7hQ3PuFrH4zQblMfTY6ALDNggmqaQnkbR5E=",
        "owner": "MunifTanjim",
        "repo": "nui.nvim",
        "rev": "9e3916e784660f55f47daa6f26053ad044db5d6a",
        "type": "github"
      },
      "original": {
        "owner": "MunifTanjim",
        "repo": "nui.nvim",
        "type": "github"
      }
    },
    "null-ls-nvim": {
      "flake": false,
      "locked": {
        "lastModified": 1688652536,
        "narHash": "sha256-6KJtj9pbvBm6fOVpnyzO2fEVC+cVrw2XtZHOgq9ieIw=",
        "owner": "jose-elias-alvarez",
        "repo": "null-ls.nvim",
        "rev": "db09b6c691def0038c456551e4e2772186449f35",
        "type": "github"
      },
      "original": {
        "owner": "jose-elias-alvarez",
        "repo": "null-ls.nvim",
        "type": "github"
      }
    },
    "nvim-autopairs": {
      "flake": false,
      "locked": {
        "lastModified": 1689332359,
        "narHash": "sha256-bu+WpW5Wfk3pS74mzVvehl7dVMHgrttmV4ZSlfwbai4=",
        "owner": "windwp",
        "repo": "nvim-autopairs",
        "rev": "ae5b41ce880a6d850055e262d6dfebd362bb276e",
        "type": "github"
      },
      "original": {
        "owner": "windwp",
        "repo": "nvim-autopairs",
        "type": "github"
      }
    },
    "nvim-cmp": {
      "flake": false,
      "locked": {
        "lastModified": 1688965049,
        "narHash": "sha256-Hq6YUfMQo1rHoay3/NieGCne7U/f06GwUPhN2HO0PdQ=",
        "owner": "hrsh7th",
        "repo": "nvim-cmp",
        "rev": "c4e491a87eeacf0408902c32f031d802c7eafce8",
        "type": "github"
      },
      "original": {
        "owner": "hrsh7th",
        "repo": "nvim-cmp",
        "type": "github"
      }
    },
    "nvim-dap": {
      "flake": false,
      "locked": {
        "lastModified": 1689603845,
        "narHash": "sha256-M7YIUAJLdaU0J0t3a35W/X6Y6jtuJlK0ArbXHOjnXJw=",
        "owner": "mfussenegger",
        "repo": "nvim-dap",
        "rev": "d17d1bba23ec72a157bd183c57840c39e323f515",
        "type": "github"
      },
      "original": {
        "owner": "mfussenegger",
        "repo": "nvim-dap",
        "type": "github"
      }
    },
    "nvim-lspconfig": {
      "flake": false,
      "locked": {
        "lastModified": 1689908868,
        "narHash": "sha256-UaP7FHTooy2FGKMCMD5ukQIcg6oFkHhFkSdQ0/gqa2I=",
        "owner": "neovim",
        "repo": "nvim-lspconfig",
        "rev": "dd11ba7b3c8f82d51b6d4dd7d68fce2d78bf78a0",
        "type": "github"
      },
      "original": {
        "owner": "neovim",
        "repo": "nvim-lspconfig",
        "type": "github"
      }
    },
    "nvim-notify": {
      "flake": false,
      "locked": {
        "lastModified": 1685978736,
        "narHash": "sha256-Rr2tzuEr06M9ZbvQbC07qcxkyjFJFYdABwRpYelKBFI=",
        "owner": "rcarriga",
        "repo": "nvim-notify",
        "rev": "ea9c8ce7a37f2238f934e087c255758659948e0f",
        "type": "github"
      },
      "original": {
        "owner": "rcarriga",
        "repo": "nvim-notify",
        "type": "github"
      }
    },
    "nvim-tree-lua": {
      "flake": false,
      "locked": {
        "lastModified": 1690096369,
        "narHash": "sha256-aLw0ysDIJWOP2x1XppaHBmmRYfL4IzM5xQ+1WuW0QLM=",
        "owner": "nvim-tree",
        "repo": "nvim-tree.lua",
        "rev": "273c1700eb68c27dce4e518efafc8144fd7ce4ab",
        "type": "github"
      },
      "original": {
        "owner": "nvim-tree",
        "repo": "nvim-tree.lua",
        "type": "github"
      }
    },
    "nvim-ts-rainbow2": {
      "flake": false,
      "locked": {
        "lastModified": 1689192623,
        "narHash": "sha256-u3+v55on4kzPcnotMz4tb7TcuPeTgpGVY2hz1OYFT1Y=",
        "owner": "HiPhish",
        "repo": "nvim-ts-rainbow2",
        "rev": "b3120cd5ae9ca524af9cb602f41e12e301fa985f",
        "type": "gitlab"
      },
      "original": {
        "owner": "HiPhish",
        "repo": "nvim-ts-rainbow2",
        "type": "gitlab"
      }
    },
    "nvim-web-devicons": {
      "flake": false,
      "locked": {
        "lastModified": 1689474464,
        "narHash": "sha256-FtEJBhqvs+c/Rvy4qXf3iyoMTTKrDBvQw5g63n4KEYo=",
        "owner": "nvim-tree",
        "repo": "nvim-web-devicons",
        "rev": "efbfed0567ef4bfac3ce630524a0f6c8451c5534",
        "type": "github"
      },
      "original": {
        "owner": "nvim-tree",
        "repo": "nvim-web-devicons",
        "type": "github"
      }
    },
    "plenary-nvim": {
      "flake": false,
      "locked": {
        "lastModified": 1689589150,
        "narHash": "sha256-oRtNcURQzrIRS3D88tWAl3HuFHxVJr8m/zzL7xoa/II=",
        "owner": "nvim-lua",
        "repo": "plenary.nvim",
        "rev": "267282a9ce242bbb0c5dc31445b6d353bed978bb",
        "type": "github"
      },
      "original": {
        "owner": "nvim-lua",
        "repo": "plenary.nvim",
        "type": "github"
      }
    },
    "root": {
      "inputs": {
        "clangd_extensions-nvim": "clangd_extensions-nvim",
        "cmp-nvim-lsp": "cmp-nvim-lsp",
        "cmp_luasnip": "cmp_luasnip",
        "comment-nvim": "comment-nvim",
        "dressing-nvim": "dressing-nvim",
        "firenvim": "firenvim",
        "flatten-nvim": "flatten-nvim",
        "haskell-tools-nvim": "haskell-tools-nvim",
        "impatient-nvim": "impatient-nvim",
        "iron-nvim": "iron-nvim",
        "lualine-lsp-progress": "lualine-lsp-progress",
        "lualine-nvim": "lualine-nvim",
        "luasnip": "luasnip",
        "nightfox-nvim": "nightfox-nvim",
        "noice-nvim": "noice-nvim",
        "nui-nvim": "nui-nvim",
        "null-ls-nvim": "null-ls-nvim",
        "nvim-autopairs": "nvim-autopairs",
        "nvim-cmp": "nvim-cmp",
        "nvim-dap": "nvim-dap",
        "nvim-lspconfig": "nvim-lspconfig",
        "nvim-notify": "nvim-notify",
        "nvim-tree-lua": "nvim-tree-lua",
        "nvim-ts-rainbow2": "nvim-ts-rainbow2",
        "nvim-web-devicons": "nvim-web-devicons",
        "plenary-nvim": "plenary-nvim",
        "rust-tools-nvim": "rust-tools-nvim",
        "telescope-nvim": "telescope-nvim",
        "todo-comments-nvim": "todo-comments-nvim",
        "toggleterm-nvim": "toggleterm-nvim",
        "trouble-nvim": "trouble-nvim",
        "vim-visual-multi": "vim-visual-multi"
      }
    },
    "rust-tools-nvim": {
      "flake": false,
      "locked": {
        "lastModified": 1689033186,
        "narHash": "sha256-jtfyDxifchznUupLSao6nmpVqaX1yO0xN+NhqS9fgxg=",
        "owner": "simrat39",
        "repo": "rust-tools.nvim",
        "rev": "0cc8adab23117783a0292a0c8a2fbed1005dc645",
        "type": "github"
      },
      "original": {
        "owner": "simrat39",
        "repo": "rust-tools.nvim",
        "type": "github"
      }
    },
    "telescope-nvim": {
      "flake": false,
      "locked": {
        "lastModified": 1690068202,
        "narHash": "sha256-FWByJgEV1yr9tIFSo4gARXI9V2XRXOIkWrIZhNuAG2M=",
        "owner": "nvim-telescope",
        "repo": "telescope.nvim",
        "rev": "1228f3b15ca3d9b95dcb92efda6a3448871030bd",
        "type": "github"
      },
      "original": {
        "owner": "nvim-telescope",
        "repo": "telescope.nvim",
        "type": "github"
      }
    },
    "todo-comments-nvim": {
      "flake": false,
      "locked": {
        "lastModified": 1684766073,
        "narHash": "sha256-lHtgGzRk5OpUtlpEEEzIjyvh2DkehlB5x7S79Wzs4Ec=",
        "owner": "folke",
        "repo": "todo-comments.nvim",
        "rev": "09b0b17d824d2d56f02ff15967e8a2499a89c731",
        "type": "github"
      },
      "original": {
        "owner": "folke",
        "repo": "todo-comments.nvim",
        "type": "github"
      }
    },
    "toggleterm-nvim": {
      "flake": false,
      "locked": {
        "lastModified": 1689602083,
        "narHash": "sha256-/sUulN93nRHa3Je+tXr8/i1cgCrd/wtrvMPkjG5Ofzs=",
        "owner": "akinsho",
        "repo": "toggleterm.nvim",
        "rev": "00c13dccc78c09fa5da4c5edda990a363e75035e",
        "type": "github"
      },
      "original": {
        "owner": "akinsho",
        "repo": "toggleterm.nvim",
        "type": "github"
      }
    },
    "trouble-nvim": {
      "flake": false,
      "locked": {
        "lastModified": 1690013943,
        "narHash": "sha256-/rHU7NesEkBzGyuE925qt/U4FsEFWxc2He97PqvsDHA=",
        "owner": "folke",
        "repo": "trouble.nvim",
        "rev": "d572f59aaf7eef670d6ddc331032a7d5e59d634e",
        "type": "github"
      },
      "original": {
        "owner": "folke",
        "repo": "trouble.nvim",
        "type": "github"
      }
    },
    "vim-visual-multi": {
      "flake": false,
      "locked": {
        "lastModified": 1663168587,
        "narHash": "sha256-Xq2guPaVNRZu8vnkEr1dYZrjou0QBbpXxgNqSBn0HTY=",
        "owner": "mg979",
        "repo": "vim-visual-multi",
        "rev": "724bd53adfbaf32e129b001658b45d4c5c29ca1a",
        "type": "github"
      },
      "original": {
        "owner": "mg979",
        "repo": "vim-visual-multi",
        "type": "github"
      }
    }
  },
  "root": "root",
  "version": 7
}
